
Microsoft Visual Studio Solution File, Format Version 12.00
# Visual Studio Version 17
VisualStudioVersion = 17.14.36401.2 d17.14
MinimumVisualStudioVersion = 10.0.40219.1
Project("{FAE04EC0-301F-11D3-BF4B-00C04F79EFBC}") = "IT_Help_Desk.API", "IT_Help_Desk.API.csproj", "{A19A711F-3D75-442E-B505-7C486F53B9F7}"
EndProject
Project("{FAE04EC0-301F-11D3-BF4B-00C04F79EFBC}") = "IT_Help_Desk.Domain", "..\IT_Help_Desk.Domain\IT_Help_Desk.Domain.csproj", "{6FA67A37-B51A-43F3-B958-3D1ED8819A8B}"
EndProject
Project("{FAE04EC0-301F-11D3-BF4B-00C04F79EFBC}") = "IT_Help_Desk.Infrastruction", "..\IT_Help_Desk.Infrastruction\IT_Help_Desk.Infrastruction.csproj", "{5DD4B8ED-C58E-49CE-A5B6-F95459C50875}"
EndProject
Project("{FAE04EC0-301F-11D3-BF4B-00C04F79EFBC}") = "IT_Help_Desk.Application", "..\IT_Help_Desk.Application\IT_Help_Desk.Application.csproj", "{1631579C-1DCF-4000-A312-D220120DD92E}"
EndProject
Global
	GlobalSection(SolutionConfigurationPlatforms) = preSolution
		Debug|Any CPU = Debug|Any CPU
		Release|Any CPU = Release|Any CPU
	EndGlobalSection
	GlobalSection(ProjectConfigurationPlatforms) = postSolution
		{A19A711F-3D75-442E-B505-7C486F53B9F7}.Debug|Any CPU.ActiveCfg = Debug|Any CPU
		{A19A711F-3D75-442E-B505-7C486F53B9F7}.Debug|Any CPU.Build.0 = Debug|Any CPU
		{A19A711F-3D75-442E-B505-7C486F53B9F7}.Release|Any CPU.ActiveCfg = Release|Any CPU
		{A19A711F-3D75-442E-B505-7C486F53B9F7}.Release|Any CPU.Build.0 = Release|Any CPU
		{6FA67A37-B51A-43F3-B958-3D1ED8819A8B}.Debug|Any CPU.ActiveCfg = Debug|Any CPU
		{6FA67A37-B51A-43F3-B958-3D1ED8819A8B}.Debug|Any CPU.Build.0 = Debug|Any CPU
		{6FA67A37-B51A-43F3-B958-3D1ED8819A8B}.Release|Any CPU.ActiveCfg = Release|Any CPU
		{6FA67A37-B51A-43F3-B958-3D1ED8819A8B}.Release|Any CPU.Build.0 = Release|Any CPU
		{5DD4B8ED-C58E-49CE-A5B6-F95459C50875}.Debug|Any CPU.ActiveCfg = Debug|Any CPU
		{5DD4B8ED-C58E-49CE-A5B6-F95459C50875}.Debug|Any CPU.Build.0 = Debug|Any CPU
		{5DD4B8ED-C58E-49CE-A5B6-F95459C50875}.Release|Any CPU.ActiveCfg = Release|Any CPU
		{5DD4B8ED-C58E-49CE-A5B6-F95459C50875}.Release|Any CPU.Build.0 = Release|Any CPU
		{1631579C-1DCF-4000-A312-D220120DD92E}.Debug|Any CPU.ActiveCfg = Debug|Any CPU
		{1631579C-1DCF-4000-A312-D220120DD92E}.Debug|Any CPU.Build.0 = Debug|Any CPU
		{1631579C-1DCF-4000-A312-D220120DD92E}.Release|Any CPU.ActiveCfg = Release|Any CPU
		{1631579C-1DCF-4000-A312-D220120DD92E}.Release|Any CPU.Build.0 = Release|Any CPU
	EndGlobalSection
	GlobalSection(SolutionProperties) = preSolution
		HideSolutionNode = FALSE
	EndGlobalSection
	GlobalSection(ExtensibilityGlobals) = postSolution
		SolutionGuid = {F9983F4A-D63A-4407-A3BF-B4F380469596}
	EndGlobalSection
EndGlobal
